
Microsoft Visual Studio Solution File, Format Version 12.00
# Visual Studio Version 16
VisualStudioVersion = 16.0.32602.291
MinimumVisualStudioVersion = 10.0.40219.1
Project("{FAE04EC0-301F-11D3-BF4B-00C04F79EFBC}") = "MVCproject-swathi", "MVCproject-swathi\MVCproject-swathi.csproj", "{69AFBEF5-3B1F-43EF-B036-0BDEC2E9EC0B}"
EndProject
Global
	GlobalSection(SolutionConfigurationPlatforms) = preSolution
		Debug|Any CPU = Debug|Any CPU
		Release|Any CPU = Release|Any CPU
	EndGlobalSection
	GlobalSection(ProjectConfigurationPlatforms) = postSolution
		{69AFBEF5-3B1F-43EF-B036-0BDEC2E9EC0B}.Debug|Any CPU.ActiveCfg = Debug|Any CPU
		{69AFBEF5-3B1F-43EF-B036-0BDEC2E9EC0B}.Debug|Any CPU.Build.0 = Debug|Any CPU
		{69AFBEF5-3B1F-43EF-B036-0BDEC2E9EC0B}.Release|Any CPU.ActiveCfg = Release|Any CPU
		{69AFBEF5-3B1F-43EF-B036-0BDEC2E9EC0B}.Release|Any CPU.Build.0 = Release|Any CPU
	EndGlobalSection
	GlobalSection(SolutionProperties) = preSolution
		HideSolutionNode = FALSE
	EndGlobalSection
	GlobalSection(ExtensibilityGlobals) = postSolution
		SolutionGuid = {1197C81E-FDCB-4C5E-A5F8-0F614F302E11}
	EndGlobalSection
EndGlobal
